// !$*UTF8*$!
{
	archiveVersion = 1;
	classes = {
	};
	objectVersion = 50;
	objects = {

/* Begin PBXBuildFile section */
		442B16A622EEF44D0087DF3D /* GSSDLGLView.m in Sources */ = {isa = PBXBuildFile; fileRef = 442B169522EEF44D0087DF3D /* GSSDLGLView.m */; };
		442B16A722EEF44D0087DF3D /* GSRGBRender.m in Sources */ = {isa = PBXBuildFile; fileRef = 442B169922EEF44D0087DF3D /* GSRGBRender.m */; };
		442B16A822EEF44D0087DF3D /* GSYUVRenderNV12.m in Sources */ = {isa = PBXBuildFile; fileRef = 442B169A22EEF44D0087DF3D /* GSYUVRenderNV12.m */; };
		442B16A922EEF44D0087DF3D /* GSYUVRenderI420.m in Sources */ = {isa = PBXBuildFile; fileRef = 442B169B22EEF44D0087DF3D /* GSYUVRenderI420.m */; };
		442B16AA22EEF44D0087DF3D /* GSGLRender.m in Sources */ = {isa = PBXBuildFile; fileRef = 442B16A022EEF44D0087DF3D /* GSGLRender.m */; };
		442B16AB22EEF44D0087DF3D /* GSVTBRender.m in Sources */ = {isa = PBXBuildFile; fileRef = 442B16A222EEF44D0087DF3D /* GSVTBRender.m */; };
		442B16AC22EEF44D0087DF3D /* glcommon.c in Sources */ = {isa = PBXBuildFile; fileRef = 442B16A322EEF44D0087DF3D /* glcommon.c */; };
		442B16AD22EEF44D0087DF3D /* GSGLRenderColors.m in Sources */ = {isa = PBXBuildFile; fileRef = 442B16A422EEF44D0087DF3D /* GSGLRenderColors.m */; };
		442B16AE22EEF44D0087DF3D /* GSGLBuffer.m in Sources */ = {isa = PBXBuildFile; fileRef = 442B16A522EEF44D0087DF3D /* GSGLBuffer.m */; };
		442B170322F12D650087DF3D /* H264HardEncoderImpl.m in Sources */ = {isa = PBXBuildFile; fileRef = 442B170222F12D650087DF3D /* H264HardEncoderImpl.m */; };
		442B171A22F285C10087DF3D /* H264HardDecoderImpl.m in Sources */ = {isa = PBXBuildFile; fileRef = 442B171922F285C10087DF3D /* H264HardDecoderImpl.m */; };
		442B172722F4149B0087DF3D /* AudioCaptureViewController.m in Sources */ = {isa = PBXBuildFile; fileRef = 442B172622F4149B0087DF3D /* AudioCaptureViewController.m */; };
		442B172A22F4167C0087DF3D /* VTAudioCapture.m in Sources */ = {isa = PBXBuildFile; fileRef = 442B172922F4167C0087DF3D /* VTAudioCapture.m */; };
		44E2333622EA981E007E03F8 /* AppDelegate.m in Sources */ = {isa = PBXBuildFile; fileRef = 44E2333522EA981E007E03F8 /* AppDelegate.m */; };
		44E2333922EA981E007E03F8 /* ViewController.m in Sources */ = {isa = PBXBuildFile; fileRef = 44E2333822EA981E007E03F8 /* ViewController.m */; };
		44E2333C22EA981E007E03F8 /* Main.storyboard in Resources */ = {isa = PBXBuildFile; fileRef = 44E2333A22EA981E007E03F8 /* Main.storyboard */; };
		44E2333E22EA9820007E03F8 /* Assets.xcassets in Resources */ = {isa = PBXBuildFile; fileRef = 44E2333D22EA9820007E03F8 /* Assets.xcassets */; };
		44E2334122EA9820007E03F8 /* LaunchScreen.storyboard in Resources */ = {isa = PBXBuildFile; fileRef = 44E2333F22EA9820007E03F8 /* LaunchScreen.storyboard */; };
		44E2334422EA9820007E03F8 /* main.m in Sources */ = {isa = PBXBuildFile; fileRef = 44E2334322EA9820007E03F8 /* main.m */; };
		44E2334E22EA9820007E03F8 /* AVTestTests.m in Sources */ = {isa = PBXBuildFile; fileRef = 44E2334D22EA9820007E03F8 /* AVTestTests.m */; };
		44E2335922EA9820007E03F8 /* AVTestUITests.m in Sources */ = {isa = PBXBuildFile; fileRef = 44E2335822EA9820007E03F8 /* AVTestUITests.m */; };
		44E2337622EAA586007E03F8 /* InfoPlist.strings in Resources */ = {isa = PBXBuildFile; fileRef = 44E2337822EAA586007E03F8 /* InfoPlist.strings */; };
		44E233C322EADCFF007E03F8 /* AVFoundationViewController.m in Sources */ = {isa = PBXBuildFile; fileRef = 44E233C222EADCFF007E03F8 /* AVFoundationViewController.m */; };
/* End PBXBuildFile section */

/* Begin PBXContainerItemProxy section */
		44E2334A22EA9820007E03F8 /* PBXContainerItemProxy */ = {
			isa = PBXContainerItemProxy;
			containerPortal = 44E2332922EA981E007E03F8 /* Project object */;
			proxyType = 1;
			remoteGlobalIDString = 44E2333022EA981E007E03F8;
			remoteInfo = AVTest;
		};
		44E2335522EA9820007E03F8 /* PBXContainerItemProxy */ = {
			isa = PBXContainerItemProxy;
			containerPortal = 44E2332922EA981E007E03F8 /* Project object */;
			proxyType = 1;
			remoteGlobalIDString = 44E2333022EA981E007E03F8;
			remoteInfo = AVTest;
		};
/* End PBXContainerItemProxy section */

/* Begin PBXFileReference section */
		442B169122EEF44D0087DF3D /* GSGLRender.h */ = {isa = PBXFileReference; fileEncoding = 4; lastKnownFileType = sourcecode.c.h; path = GSGLRender.h; sourceTree = "<group>"; };
		442B169222EEF44D0087DF3D /* GSGLRenderProtocol.h */ = {isa = PBXFileReference; fileEncoding = 4; lastKnownFileType = sourcecode.c.h; path = GSGLRenderProtocol.h; sourceTree = "<group>"; };
		442B169322EEF44D0087DF3D /* GSVTBRender.h */ = {isa = PBXFileReference; fileEncoding = 4; lastKnownFileType = sourcecode.c.h; path = GSVTBRender.h; sourceTree = "<group>"; };
		442B169422EEF44D0087DF3D /* glcommon.h */ = {isa = PBXFileReference; fileEncoding = 4; lastKnownFileType = sourcecode.c.h; path = glcommon.h; sourceTree = "<group>"; };
		442B169522EEF44D0087DF3D /* GSSDLGLView.m */ = {isa = PBXFileReference; fileEncoding = 4; lastKnownFileType = sourcecode.c.objc; path = GSSDLGLView.m; sourceTree = "<group>"; };
		442B169722EEF44D0087DF3D /* GSYUVRenderI420.h */ = {isa = PBXFileReference; fileEncoding = 4; lastKnownFileType = sourcecode.c.h; path = GSYUVRenderI420.h; sourceTree = "<group>"; };
		442B169822EEF44D0087DF3D /* GSYUVRenderNV12.h */ = {isa = PBXFileReference; fileEncoding = 4; lastKnownFileType = sourcecode.c.h; path = GSYUVRenderNV12.h; sourceTree = "<group>"; };
		442B169922EEF44D0087DF3D /* GSRGBRender.m */ = {isa = PBXFileReference; fileEncoding = 4; lastKnownFileType = sourcecode.c.objc; path = GSRGBRender.m; sourceTree = "<group>"; };
		442B169A22EEF44D0087DF3D /* GSYUVRenderNV12.m */ = {isa = PBXFileReference; fileEncoding = 4; lastKnownFileType = sourcecode.c.objc; path = GSYUVRenderNV12.m; sourceTree = "<group>"; };
		442B169B22EEF44D0087DF3D /* GSYUVRenderI420.m */ = {isa = PBXFileReference; fileEncoding = 4; lastKnownFileType = sourcecode.c.objc; path = GSYUVRenderI420.m; sourceTree = "<group>"; };
		442B169C22EEF44D0087DF3D /* GSRGBRender.h */ = {isa = PBXFileReference; fileEncoding = 4; lastKnownFileType = sourcecode.c.h; path = GSRGBRender.h; sourceTree = "<group>"; };
		442B169D22EEF44D0087DF3D /* GSGLBuffer.h */ = {isa = PBXFileReference; fileEncoding = 4; lastKnownFileType = sourcecode.c.h; path = GSGLBuffer.h; sourceTree = "<group>"; };
		442B169E22EEF44D0087DF3D /* GSGLRenderColors.h */ = {isa = PBXFileReference; fileEncoding = 4; lastKnownFileType = sourcecode.c.h; path = GSGLRenderColors.h; sourceTree = "<group>"; };
		442B169F22EEF44D0087DF3D /* GSVideoConst.h */ = {isa = PBXFileReference; fileEncoding = 4; lastKnownFileType = sourcecode.c.h; path = GSVideoConst.h; sourceTree = "<group>"; };
		442B16A022EEF44D0087DF3D /* GSGLRender.m */ = {isa = PBXFileReference; fileEncoding = 4; lastKnownFileType = sourcecode.c.objc; path = GSGLRender.m; sourceTree = "<group>"; };
		442B16A122EEF44D0087DF3D /* GSSDLGLView.h */ = {isa = PBXFileReference; fileEncoding = 4; lastKnownFileType = sourcecode.c.h; path = GSSDLGLView.h; sourceTree = "<group>"; };
		442B16A222EEF44D0087DF3D /* GSVTBRender.m */ = {isa = PBXFileReference; fileEncoding = 4; lastKnownFileType = sourcecode.c.objc; path = GSVTBRender.m; sourceTree = "<group>"; };
		442B16A322EEF44D0087DF3D /* glcommon.c */ = {isa = PBXFileReference; fileEncoding = 4; lastKnownFileType = sourcecode.c.c; path = glcommon.c; sourceTree = "<group>"; };
		442B16A422EEF44D0087DF3D /* GSGLRenderColors.m */ = {isa = PBXFileReference; fileEncoding = 4; lastKnownFileType = sourcecode.c.objc; path = GSGLRenderColors.m; sourceTree = "<group>"; };
		442B16A522EEF44D0087DF3D /* GSGLBuffer.m */ = {isa = PBXFileReference; fileEncoding = 4; lastKnownFileType = sourcecode.c.objc; path = GSGLBuffer.m; sourceTree = "<group>"; };
		442B170122F12D650087DF3D /* H264HardEncoderImpl.h */ = {isa = PBXFileReference; lastKnownFileType = sourcecode.c.h; path = H264HardEncoderImpl.h; sourceTree = "<group>"; };
		442B170222F12D650087DF3D /* H264HardEncoderImpl.m */ = {isa = PBXFileReference; lastKnownFileType = sourcecode.c.objc; path = H264HardEncoderImpl.m; sourceTree = "<group>"; };
		442B171822F285C10087DF3D /* H264HardDecoderImpl.h */ = {isa = PBXFileReference; lastKnownFileType = sourcecode.c.h; path = H264HardDecoderImpl.h; sourceTree = "<group>"; };
		442B171922F285C10087DF3D /* H264HardDecoderImpl.m */ = {isa = PBXFileReference; lastKnownFileType = sourcecode.c.objc; path = H264HardDecoderImpl.m; sourceTree = "<group>"; };
		442B172522F4149B0087DF3D /* AudioCaptureViewController.h */ = {isa = PBXFileReference; lastKnownFileType = sourcecode.c.h; path = AudioCaptureViewController.h; sourceTree = "<group>"; };
		442B172622F4149B0087DF3D /* AudioCaptureViewController.m */ = {isa = PBXFileReference; lastKnownFileType = sourcecode.c.objc; path = AudioCaptureViewController.m; sourceTree = "<group>"; };
		442B172822F4167C0087DF3D /* VTAudioCapture.h */ = {isa = PBXFileReference; lastKnownFileType = sourcecode.c.h; path = VTAudioCapture.h; sourceTree = "<group>"; };
		442B172922F4167C0087DF3D /* VTAudioCapture.m */ = {isa = PBXFileReference; lastKnownFileType = sourcecode.c.objc; path = VTAudioCapture.m; sourceTree = "<group>"; };
		44E2333122EA981E007E03F8 /* AVTest.app */ = {isa = PBXFileReference; explicitFileType = wrapper.application; includeInIndex = 0; path = AVTest.app; sourceTree = BUILT_PRODUCTS_DIR; };
		44E2333422EA981E007E03F8 /* AppDelegate.h */ = {isa = PBXFileReference; lastKnownFileType = sourcecode.c.h; path = AppDelegate.h; sourceTree = "<group>"; };
		44E2333522EA981E007E03F8 /* AppDelegate.m */ = {isa = PBXFileReference; lastKnownFileType = sourcecode.c.objc; path = AppDelegate.m; sourceTree = "<group>"; };
		44E2333722EA981E007E03F8 /* ViewController.h */ = {isa = PBXFileReference; lastKnownFileType = sourcecode.c.h; path = ViewController.h; sourceTree = "<group>"; };
		44E2333822EA981E007E03F8 /* ViewController.m */ = {isa = PBXFileReference; lastKnownFileType = sourcecode.c.objc; path = ViewController.m; sourceTree = "<group>"; };
		44E2333B22EA981E007E03F8 /* Base */ = {isa = PBXFileReference; lastKnownFileType = file.storyboard; name = Base; path = Base.lproj/Main.storyboard; sourceTree = "<group>"; };
		44E2333D22EA9820007E03F8 /* Assets.xcassets */ = {isa = PBXFileReference; lastKnownFileType = folder.assetcatalog; path = Assets.xcassets; sourceTree = "<group>"; };
		44E2334022EA9820007E03F8 /* Base */ = {isa = PBXFileReference; lastKnownFileType = file.storyboard; name = Base; path = Base.lproj/LaunchScreen.storyboard; sourceTree = "<group>"; };
		44E2334322EA9820007E03F8 /* main.m */ = {isa = PBXFileReference; lastKnownFileType = sourcecode.c.objc; path = main.m; sourceTree = "<group>"; };
		44E2334922EA9820007E03F8 /* AVTestTests.xctest */ = {isa = PBXFileReference; explicitFileType = wrapper.cfbundle; includeInIndex = 0; path = AVTestTests.xctest; sourceTree = BUILT_PRODUCTS_DIR; };
		44E2334D22EA9820007E03F8 /* AVTestTests.m */ = {isa = PBXFileReference; lastKnownFileType = sourcecode.c.objc; path = AVTestTests.m; sourceTree = "<group>"; };
		44E2334F22EA9820007E03F8 /* Info.plist */ = {isa = PBXFileReference; lastKnownFileType = text.plist.xml; path = Info.plist; sourceTree = "<group>"; };
		44E2335422EA9820007E03F8 /* AVTestUITests.xctest */ = {isa = PBXFileReference; explicitFileType = wrapper.cfbundle; includeInIndex = 0; path = AVTestUITests.xctest; sourceTree = BUILT_PRODUCTS_DIR; };
		44E2335822EA9820007E03F8 /* AVTestUITests.m */ = {isa = PBXFileReference; lastKnownFileType = sourcecode.c.objc; path = AVTestUITests.m; sourceTree = "<group>"; };
		44E2335A22EA9820007E03F8 /* Info.plist */ = {isa = PBXFileReference; lastKnownFileType = text.plist.xml; path = Info.plist; sourceTree = "<group>"; };
		44E2336622EA98A3007E03F8 /* PrefixHeader.pch */ = {isa = PBXFileReference; lastKnownFileType = sourcecode.c.h; path = PrefixHeader.pch; sourceTree = "<group>"; };
		44E2337722EAA586007E03F8 /* en */ = {isa = PBXFileReference; lastKnownFileType = text.plist.strings; name = en; path = en.lproj/InfoPlist.strings; sourceTree = "<group>"; };
		44E2337922EAA590007E03F8 /* zh-Hans */ = {isa = PBXFileReference; lastKnownFileType = text.plist.strings; name = "zh-Hans"; path = "zh-Hans.lproj/InfoPlist.strings"; sourceTree = "<group>"; };
		44E2337D22EAA6BB007E03F8 /* Info.plist */ = {isa = PBXFileReference; fileEncoding = 4; lastKnownFileType = text.plist.xml; path = Info.plist; sourceTree = "<group>"; };
		44E233C122EADCFF007E03F8 /* AVFoundationViewController.h */ = {isa = PBXFileReference; lastKnownFileType = sourcecode.c.h; path = AVFoundationViewController.h; sourceTree = "<group>"; };
		44E233C222EADCFF007E03F8 /* AVFoundationViewController.m */ = {isa = PBXFileReference; lastKnownFileType = sourcecode.c.objc; path = AVFoundationViewController.m; sourceTree = "<group>"; };
/* End PBXFileReference section */

/* Begin PBXFrameworksBuildPhase section */
		44E2332E22EA981E007E03F8 /* Frameworks */ = {
			isa = PBXFrameworksBuildPhase;
			buildActionMask = 2147483647;
			files = (
			);
			runOnlyForDeploymentPostprocessing = 0;
		};
		44E2334622EA9820007E03F8 /* Frameworks */ = {
			isa = PBXFrameworksBuildPhase;
			buildActionMask = 2147483647;
			files = (
			);
			runOnlyForDeploymentPostprocessing = 0;
		};
		44E2335122EA9820007E03F8 /* Frameworks */ = {
			isa = PBXFrameworksBuildPhase;
			buildActionMask = 2147483647;
			files = (
			);
			runOnlyForDeploymentPostprocessing = 0;
		};
/* End PBXFrameworksBuildPhase section */

/* Begin PBXGroup section */
		442B169022EEF44D0087DF3D /* OpenGL */ = {
			isa = PBXGroup;
			children = (
				442B169122EEF44D0087DF3D /* GSGLRender.h */,
				442B169222EEF44D0087DF3D /* GSGLRenderProtocol.h */,
				442B169322EEF44D0087DF3D /* GSVTBRender.h */,
				442B169422EEF44D0087DF3D /* glcommon.h */,
				442B169522EEF44D0087DF3D /* GSSDLGLView.m */,
				442B169622EEF44D0087DF3D /* Render */,
				442B169D22EEF44D0087DF3D /* GSGLBuffer.h */,
				442B169E22EEF44D0087DF3D /* GSGLRenderColors.h */,
				442B169F22EEF44D0087DF3D /* GSVideoConst.h */,
				442B16A022EEF44D0087DF3D /* GSGLRender.m */,
				442B16A122EEF44D0087DF3D /* GSSDLGLView.h */,
				442B16A222EEF44D0087DF3D /* GSVTBRender.m */,
				442B16A322EEF44D0087DF3D /* glcommon.c */,
				442B16A422EEF44D0087DF3D /* GSGLRenderColors.m */,
				442B16A522EEF44D0087DF3D /* GSGLBuffer.m */,
			);
			path = OpenGL;
			sourceTree = "<group>";
		};
		442B169622EEF44D0087DF3D /* Render */ = {
			isa = PBXGroup;
			children = (
				442B169722EEF44D0087DF3D /* GSYUVRenderI420.h */,
				442B169822EEF44D0087DF3D /* GSYUVRenderNV12.h */,
				442B169922EEF44D0087DF3D /* GSRGBRender.m */,
				442B169A22EEF44D0087DF3D /* GSYUVRenderNV12.m */,
				442B169B22EEF44D0087DF3D /* GSYUVRenderI420.m */,
				442B169C22EEF44D0087DF3D /* GSRGBRender.h */,
			);
			path = Render;
			sourceTree = "<group>";
		};
		44E2332822EA981E007E03F8 = {
			isa = PBXGroup;
			children = (
				44E2336622EA98A3007E03F8 /* PrefixHeader.pch */,
				44E2333322EA981E007E03F8 /* AVTest */,
				44E2334C22EA9820007E03F8 /* AVTestTests */,
				44E2335722EA9820007E03F8 /* AVTestUITests */,
				44E2333222EA981E007E03F8 /* Products */,
			);
			sourceTree = "<group>";
		};
		44E2333222EA981E007E03F8 /* Products */ = {
			isa = PBXGroup;
			children = (
				44E2333122EA981E007E03F8 /* AVTest.app */,
				44E2334922EA9820007E03F8 /* AVTestTests.xctest */,
				44E2335422EA9820007E03F8 /* AVTestUITests.xctest */,
			);
			name = Products;
			sourceTree = "<group>";
		};
		44E2333322EA981E007E03F8 /* AVTest */ = {
			isa = PBXGroup;
			children = (
				442B169022EEF44D0087DF3D /* OpenGL */,
				44E2337D22EAA6BB007E03F8 /* Info.plist */,
				44E2333422EA981E007E03F8 /* AppDelegate.h */,
				44E2333522EA981E007E03F8 /* AppDelegate.m */,
				44E2333722EA981E007E03F8 /* ViewController.h */,
				44E2333822EA981E007E03F8 /* ViewController.m */,
				44E2333A22EA981E007E03F8 /* Main.storyboard */,
				44E2333D22EA9820007E03F8 /* Assets.xcassets */,
				44E2333F22EA9820007E03F8 /* LaunchScreen.storyboard */,
				44E2334322EA9820007E03F8 /* main.m */,
				44E2337822EAA586007E03F8 /* InfoPlist.strings */,
				44E233C122EADCFF007E03F8 /* AVFoundationViewController.h */,
				44E233C222EADCFF007E03F8 /* AVFoundationViewController.m */,
				442B170122F12D650087DF3D /* H264HardEncoderImpl.h */,
				442B170222F12D650087DF3D /* H264HardEncoderImpl.m */,
				442B171822F285C10087DF3D /* H264HardDecoderImpl.h */,
				442B171922F285C10087DF3D /* H264HardDecoderImpl.m */,
				442B172522F4149B0087DF3D /* AudioCaptureViewController.h */,
				442B172622F4149B0087DF3D /* AudioCaptureViewController.m */,
				442B172822F4167C0087DF3D /* VTAudioCapture.h */,
				442B172922F4167C0087DF3D /* VTAudioCapture.m */,
			);
			path = AVTest;
			sourceTree = "<group>";
		};
		44E2334C22EA9820007E03F8 /* AVTestTests */ = {
			isa = PBXGroup;
			children = (
				44E2334D22EA9820007E03F8 /* AVTestTests.m */,
				44E2334F22EA9820007E03F8 /* Info.plist */,
			);
			path = AVTestTests;
			sourceTree = "<group>";
		};
		44E2335722EA9820007E03F8 /* AVTestUITests */ = {
			isa = PBXGroup;
			children = (
				44E2335822EA9820007E03F8 /* AVTestUITests.m */,
				44E2335A22EA9820007E03F8 /* Info.plist */,
			);
			path = AVTestUITests;
			sourceTree = "<group>";
		};
/* End PBXGroup section */

/* Begin PBXNativeTarget section */
		44E2333022EA981E007E03F8 /* AVTest */ = {
			isa = PBXNativeTarget;
			buildConfigurationList = 44E2335D22EA9820007E03F8 /* Build configuration list for PBXNativeTarget "AVTest" */;
			buildPhases = (
				44E2332D22EA981E007E03F8 /* Sources */,
				44E2332E22EA981E007E03F8 /* Frameworks */,
				44E2332F22EA981E007E03F8 /* Resources */,
			);
			buildRules = (
			);
			dependencies = (
			);
			name = AVTest;
			productName = AVTest;
			productReference = 44E2333122EA981E007E03F8 /* AVTest.app */;
			productType = "com.apple.product-type.application";
		};
		44E2334822EA9820007E03F8 /* AVTestTests */ = {
			isa = PBXNativeTarget;
			buildConfigurationList = 44E2336022EA9820007E03F8 /* Build configuration list for PBXNativeTarget "AVTestTests" */;
			buildPhases = (
				44E2334522EA9820007E03F8 /* Sources */,
				44E2334622EA9820007E03F8 /* Frameworks */,
				44E2334722EA9820007E03F8 /* Resources */,
			);
			buildRules = (
			);
			dependencies = (
				44E2334B22EA9820007E03F8 /* PBXTargetDependency */,
			);
			name = AVTestTests;
			productName = AVTestTests;
			productReference = 44E2334922EA9820007E03F8 /* AVTestTests.xctest */;
			productType = "com.apple.product-type.bundle.unit-test";
		};
		44E2335322EA9820007E03F8 /* AVTestUITests */ = {
			isa = PBXNativeTarget;
			buildConfigurationList = 44E2336322EA9820007E03F8 /* Build configuration list for PBXNativeTarget "AVTestUITests" */;
			buildPhases = (
				44E2335022EA9820007E03F8 /* Sources */,
				44E2335122EA9820007E03F8 /* Frameworks */,
				44E2335222EA9820007E03F8 /* Resources */,
			);
			buildRules = (
			);
			dependencies = (
				44E2335622EA9820007E03F8 /* PBXTargetDependency */,
			);
			name = AVTestUITests;
			productName = AVTestUITests;
			productReference = 44E2335422EA9820007E03F8 /* AVTestUITests.xctest */;
			productType = "com.apple.product-type.bundle.ui-testing";
		};
/* End PBXNativeTarget section */

/* Begin PBXProject section */
		44E2332922EA981E007E03F8 /* Project object */ = {
			isa = PBXProject;
			attributes = {
				LastUpgradeCheck = 1020;
				ORGANIZATIONNAME = net263;
				TargetAttributes = {
					44E2333022EA981E007E03F8 = {
						CreatedOnToolsVersion = 10.2.1;
					};
					44E2334822EA9820007E03F8 = {
						CreatedOnToolsVersion = 10.2.1;
						TestTargetID = 44E2333022EA981E007E03F8;
					};
					44E2335322EA9820007E03F8 = {
						CreatedOnToolsVersion = 10.2.1;
						TestTargetID = 44E2333022EA981E007E03F8;
					};
				};
			};
			buildConfigurationList = 44E2332C22EA981E007E03F8 /* Build configuration list for PBXProject "AVTest" */;
			compatibilityVersion = "Xcode 9.3";
			developmentRegion = en;
			hasScannedForEncodings = 0;
			knownRegions = (
				en,
				Base,
				"zh-Hans",
			);
			mainGroup = 44E2332822EA981E007E03F8;
			productRefGroup = 44E2333222EA981E007E03F8 /* Products */;
			projectDirPath = "";
			projectRoot = "";
			targets = (
				44E2333022EA981E007E03F8 /* AVTest */,
				44E2334822EA9820007E03F8 /* AVTestTests */,
				44E2335322EA9820007E03F8 /* AVTestUITests */,
			);
		};
/* End PBXProject section */

/* Begin PBXResourcesBuildPhase section */
		44E2332F22EA981E007E03F8 /* Resources */ = {
			isa = PBXResourcesBuildPhase;
			buildActionMask = 2147483647;
			files = (
				44E2334122EA9820007E03F8 /* LaunchScreen.storyboard in Resources */,
				44E2337622EAA586007E03F8 /* InfoPlist.strings in Resources */,
				44E2333E22EA9820007E03F8 /* Assets.xcassets in Resources */,
				44E2333C22EA981E007E03F8 /* Main.storyboard in Resources */,
			);
			runOnlyForDeploymentPostprocessing = 0;
		};
		44E2334722EA9820007E03F8 /* Resources */ = {
			isa = PBXResourcesBuildPhase;
			buildActionMask = 2147483647;
			files = (
			);
			runOnlyForDeploymentPostprocessing = 0;
		};
		44E2335222EA9820007E03F8 /* Resources */ = {
			isa = PBXResourcesBuildPhase;
			buildActionMask = 2147483647;
			files = (
			);
			runOnlyForDeploymentPostprocessing = 0;
		};
/* End PBXResourcesBuildPhase section */

/* Begin PBXSourcesBuildPhase section */
		44E2332D22EA981E007E03F8 /* Sources */ = {
			isa = PBXSourcesBuildPhase;
			buildActionMask = 2147483647;
			files = (
				44E233C322EADCFF007E03F8 /* AVFoundationViewController.m in Sources */,
				442B170322F12D650087DF3D /* H264HardEncoderImpl.m in Sources */,
				442B16A922EEF44D0087DF3D /* GSYUVRenderI420.m in Sources */,
				442B172A22F4167C0087DF3D /* VTAudioCapture.m in Sources */,
				442B16A722EEF44D0087DF3D /* GSRGBRender.m in Sources */,
				442B16A822EEF44D0087DF3D /* GSYUVRenderNV12.m in Sources */,
				442B16AD22EEF44D0087DF3D /* GSGLRenderColors.m in Sources */,
				442B171A22F285C10087DF3D /* H264HardDecoderImpl.m in Sources */,
				442B16AB22EEF44D0087DF3D /* GSVTBRender.m in Sources */,
				442B16A622EEF44D0087DF3D /* GSSDLGLView.m in Sources */,
				44E2333922EA981E007E03F8 /* ViewController.m in Sources */,
				44E2334422EA9820007E03F8 /* main.m in Sources */,
				442B16AC22EEF44D0087DF3D /* glcommon.c in Sources */,
				442B172722F4149B0087DF3D /* AudioCaptureViewController.m in Sources */,
				442B16AA22EEF44D0087DF3D /* GSGLRender.m in Sources */,
				44E2333622EA981E007E03F8 /* AppDelegate.m in Sources */,
				442B16AE22EEF44D0087DF3D /* GSGLBuffer.m in Sources */,
			);
			runOnlyForDeploymentPostprocessing = 0;
		};
		44E2334522EA9820007E03F8 /* Sources */ = {
			isa = PBXSourcesBuildPhase;
			buildActionMask = 2147483647;
			files = (
				44E2334E22EA9820007E03F8 /* AVTestTests.m in Sources */,
			);
			runOnlyForDeploymentPostprocessing = 0;
		};
		44E2335022EA9820007E03F8 /* Sources */ = {
			isa = PBXSourcesBuildPhase;
			buildActionMask = 2147483647;
			files = (
				44E2335922EA9820007E03F8 /* AVTestUITests.m in Sources */,
			);
			runOnlyForDeploymentPostprocessing = 0;
		};
/* End PBXSourcesBuildPhase section */

/* Begin PBXTargetDependency section */
		44E2334B22EA9820007E03F8 /* PBXTargetDependency */ = {
			isa = PBXTargetDependency;
			target = 44E2333022EA981E007E03F8 /* AVTest */;
			targetProxy = 44E2334A22EA9820007E03F8 /* PBXContainerItemProxy */;
		};
		44E2335622EA9820007E03F8 /* PBXTargetDependency */ = {
			isa = PBXTargetDependency;
			target = 44E2333022EA981E007E03F8 /* AVTest */;
			targetProxy = 44E2335522EA9820007E03F8 /* PBXContainerItemProxy */;
		};
/* End PBXTargetDependency section */

/* Begin PBXVariantGroup section */
		44E2333A22EA981E007E03F8 /* Main.storyboard */ = {
			isa = PBXVariantGroup;
			children = (
				44E2333B22EA981E007E03F8 /* Base */,
			);
			name = Main.storyboard;
			sourceTree = "<group>";
		};
		44E2333F22EA9820007E03F8 /* LaunchScreen.storyboard */ = {
			isa = PBXVariantGroup;
			children = (
				44E2334022EA9820007E03F8 /* Base */,
			);
			name = LaunchScreen.storyboard;
			sourceTree = "<group>";
		};
		44E2337822EAA586007E03F8 /* InfoPlist.strings */ = {
			isa = PBXVariantGroup;
			children = (
				44E2337722EAA586007E03F8 /* en */,
				44E2337922EAA590007E03F8 /* zh-Hans */,
			);
			name = InfoPlist.strings;
			sourceTree = "<group>";
		};
/* End PBXVariantGroup section */

/* Begin XCBuildConfiguration section */
		44E2335B22EA9820007E03F8 /* Debug */ = {
			isa = XCBuildConfiguration;
			buildSettings = {
				ALWAYS_SEARCH_USER_PATHS = NO;
				CLANG_ANALYZER_LOCALIZABILITY_NONLOCALIZED = YES;
				CLANG_ANALYZER_NONNULL = YES;
				CLANG_ANALYZER_NUMBER_OBJECT_CONVERSION = YES_AGGRESSIVE;
				CLANG_CXX_LANGUAGE_STANDARD = "gnu++14";
				CLANG_CXX_LIBRARY = "libc++";
				CLANG_ENABLE_MODULES = YES;
				CLANG_ENABLE_OBJC_ARC = YES;
				CLANG_ENABLE_OBJC_WEAK = YES;
				CLANG_WARN_BLOCK_CAPTURE_AUTORELEASING = YES;
				CLANG_WARN_BOOL_CONVERSION = YES;
				CLANG_WARN_COMMA = YES;
				CLANG_WARN_CONSTANT_CONVERSION = YES;
				CLANG_WARN_DEPRECATED_OBJC_IMPLEMENTATIONS = YES;
				CLANG_WARN_DIRECT_OBJC_ISA_USAGE = YES_ERROR;
				CLANG_WARN_DOCUMENTATION_COMMENTS = YES;
				CLANG_WARN_EMPTY_BODY = YES;
				CLANG_WARN_ENUM_CONVERSION = YES;
				CLANG_WARN_INFINITE_RECURSION = YES;
				CLANG_WARN_INT_CONVERSION = YES;
				CLANG_WARN_NON_LITERAL_NULL_CONVERSION = YES;
				CLANG_WARN_OBJC_IMPLICIT_RETAIN_SELF = YES;
				CLANG_WARN_OBJC_LITERAL_CONVERSION = YES;
				CLANG_WARN_OBJC_ROOT_CLASS = YES_ERROR;
				CLANG_WARN_RANGE_LOOP_ANALYSIS = YES;
				CLANG_WARN_STRICT_PROTOTYPES = YES;
				CLANG_WARN_SUSPICIOUS_MOVE = YES;
				CLANG_WARN_UNGUARDED_AVAILABILITY = YES_AGGRESSIVE;
				CLANG_WARN_UNREACHABLE_CODE = YES;
				CLANG_WARN__DUPLICATE_METHOD_MATCH = YES;
				CODE_SIGN_IDENTITY = "iPhone Developer";
				COPY_PHASE_STRIP = NO;
				DEBUG_INFORMATION_FORMAT = dwarf;
				ENABLE_STRICT_OBJC_MSGSEND = YES;
				ENABLE_TESTABILITY = YES;
				GCC_C_LANGUAGE_STANDARD = gnu11;
				GCC_DYNAMIC_NO_PIC = NO;
				GCC_NO_COMMON_BLOCKS = YES;
				GCC_OPTIMIZATION_LEVEL = 0;
				GCC_PREPROCESSOR_DEFINITIONS = (
					"DEBUG=1",
					"$(inherited)",
				);
				GCC_WARN_64_TO_32_BIT_CONVERSION = YES;
				GCC_WARN_ABOUT_RETURN_TYPE = YES_ERROR;
				GCC_WARN_UNDECLARED_SELECTOR = YES;
				GCC_WARN_UNINITIALIZED_AUTOS = YES_AGGRESSIVE;
				GCC_WARN_UNUSED_FUNCTION = YES;
				GCC_WARN_UNUSED_VARIABLE = YES;
				IPHONEOS_DEPLOYMENT_TARGET = 12.2;
				MTL_ENABLE_DEBUG_INFO = INCLUDE_SOURCE;
				MTL_FAST_MATH = YES;
				ONLY_ACTIVE_ARCH = YES;
				SDKROOT = iphoneos;
			};
			name = Debug;
		};
		44E2335C22EA9820007E03F8 /* Release */ = {
			isa = XCBuildConfiguration;
			buildSettings = {
				ALWAYS_SEARCH_USER_PATHS = NO;
				CLANG_ANALYZER_LOCALIZABILITY_NONLOCALIZED = YES;
				CLANG_ANALYZER_NONNULL = YES;
				CLANG_ANALYZER_NUMBER_OBJECT_CONVERSION = YES_AGGRESSIVE;
				CLANG_CXX_LANGUAGE_STANDARD = "gnu++14";
				CLANG_CXX_LIBRARY = "libc++";
				CLANG_ENABLE_MODULES = YES;
				CLANG_ENABLE_OBJC_ARC = YES;
				CLANG_ENABLE_OBJC_WEAK = YES;
				CLANG_WARN_BLOCK_CAPTURE_AUTORELEASING = YES;
				CLANG_WARN_BOOL_CONVERSION = YES;
				CLANG_WARN_COMMA = YES;
				CLANG_WARN_CONSTANT_CONVERSION = YES;
				CLANG_WARN_DEPRECATED_OBJC_IMPLEMENTATIONS = YES;
				CLANG_WARN_DIRECT_OBJC_ISA_USAGE = YES_ERROR;
				CLANG_WARN_DOCUMENTATION_COMMENTS = YES;
				CLANG_WARN_EMPTY_BODY = YES;
				CLANG_WARN_ENUM_CONVERSION = YES;
				CLANG_WARN_INFINITE_RECURSION = YES;
				CLANG_WARN_INT_CONVERSION = YES;
				CLANG_WARN_NON_LITERAL_NULL_CONVERSION = YES;
				CLANG_WARN_OBJC_IMPLICIT_RETAIN_SELF = YES;
				CLANG_WARN_OBJC_LITERAL_CONVERSION = YES;
				CLANG_WARN_OBJC_ROOT_CLASS = YES_ERROR;
				CLANG_WARN_RANGE_LOOP_ANALYSIS = YES;
				CLANG_WARN_STRICT_PROTOTYPES = YES;
				CLANG_WARN_SUSPICIOUS_MOVE = YES;
				CLANG_WARN_UNGUARDED_AVAILABILITY = YES_AGGRESSIVE;
				CLANG_WARN_UNREACHABLE_CODE = YES;
				CLANG_WARN__DUPLICATE_METHOD_MATCH = YES;
				CODE_SIGN_IDENTITY = "iPhone Developer";
				COPY_PHASE_STRIP = NO;
				DEBUG_INFORMATION_FORMAT = "dwarf-with-dsym";
				ENABLE_NS_ASSERTIONS = NO;
				ENABLE_STRICT_OBJC_MSGSEND = YES;
				GCC_C_LANGUAGE_STANDARD = gnu11;
				GCC_NO_COMMON_BLOCKS = YES;
				GCC_WARN_64_TO_32_BIT_CONVERSION = YES;
				GCC_WARN_ABOUT_RETURN_TYPE = YES_ERROR;
				GCC_WARN_UNDECLARED_SELECTOR = YES;
				GCC_WARN_UNINITIALIZED_AUTOS = YES_AGGRESSIVE;
				GCC_WARN_UNUSED_FUNCTION = YES;
				GCC_WARN_UNUSED_VARIABLE = YES;
				IPHONEOS_DEPLOYMENT_TARGET = 12.2;
				MTL_ENABLE_DEBUG_INFO = NO;
				MTL_FAST_MATH = YES;
				SDKROOT = iphoneos;
				VALIDATE_PRODUCT = YES;
			};
			name = Release;
		};
		44E2335E22EA9820007E03F8 /* Debug */ = {
			isa = XCBuildConfiguration;
			buildSettings = {
				ASSETCATALOG_COMPILER_APPICON_NAME = AppIcon;
				CODE_SIGN_STYLE = Automatic;
				DEVELOPMENT_TEAM = 6GHP23DFJR;
				GCC_PREFIX_HEADER = /Users/net263/chenfuwei/project/ios/AVTest/PrefixHeader.pch;
				INFOPLIST_FILE = AVTest/Info.plist;
				LD_RUNPATH_SEARCH_PATHS = (
					"$(inherited)",
					"@executable_path/Frameworks",
				);
				PRODUCT_BUNDLE_IDENTIFIER = xmg.log.AVTest;
				PRODUCT_NAME = "$(TARGET_NAME)";
				TARGETED_DEVICE_FAMILY = "1,2";
			};
			name = Debug;
		};
		44E2335F22EA9820007E03F8 /* Release */ = {
			isa = XCBuildConfiguration;
			buildSettings = {
				ASSETCATALOG_COMPILER_APPICON_NAME = AppIcon;
				CODE_SIGN_STYLE = Automatic;
				DEVELOPMENT_TEAM = 6GHP23DFJR;
				GCC_PREFIX_HEADER = /Users/net263/chenfuwei/project/ios/AVTest/PrefixHeader.pch;
				INFOPLIST_FILE = AVTest/Info.plist;
				LD_RUNPATH_SEARCH_PATHS = (
					"$(inherited)",
					"@executable_path/Frameworks",
				);
				PRODUCT_BUNDLE_IDENTIFIER = xmg.log.AVTest;
				PRODUCT_NAME = "$(TARGET_NAME)";
				TARGETED_DEVICE_FAMILY = "1,2";
			};
			name = Release;
		};
		44E2336122EA9820007E03F8 /* Debug */ = {
			isa = XCBuildConfiguration;
			buildSettings = {
				BUNDLE_LOADER = "$(TEST_HOST)";
				CODE_SIGN_STYLE = Automatic;
				INFOPLIST_FILE = AVTestTests/Info.plist;
				LD_RUNPATH_SEARCH_PATHS = (
					"$(inherited)",
					"@executable_path/Frameworks",
					"@loader_path/Frameworks",
				);
				PRODUCT_BUNDLE_IDENTIFIER = xmg.log.AVTestTests;
				PRODUCT_NAME = "$(TARGET_NAME)";
				TARGETED_DEVICE_FAMILY = "1,2";
				TEST_HOST = "$(BUILT_PRODUCTS_DIR)/AVTest.app/AVTest";
			};
			name = Debug;
		};
		44E2336222EA9820007E03F8 /* Release */ = {
			isa = XCBuildConfiguration;
			buildSettings = {
				BUNDLE_LOADER = "$(TEST_HOST)";
				CODE_SIGN_STYLE = Automatic;
				INFOPLIST_FILE = AVTestTests/Info.plist;
				LD_RUNPATH_SEARCH_PATHS = (
					"$(inherited)",
					"@executable_path/Frameworks",
					"@loader_path/Frameworks",
				);
				PRODUCT_BUNDLE_IDENTIFIER = xmg.log.AVTestTests;
				PRODUCT_NAME = "$(TARGET_NAME)";
				TARGETED_DEVICE_FAMILY = "1,2";
				TEST_HOST = "$(BUILT_PRODUCTS_DIR)/AVTest.app/AVTest";
			};
			name = Release;
		};
		44E2336422EA9820007E03F8 /* Debug */ = {
			isa = XCBuildConfiguration;
			buildSettings = {
				CODE_SIGN_STYLE = Automatic;
				INFOPLIST_FILE = AVTestUITests/Info.plist;
				LD_RUNPATH_SEARCH_PATHS = (
					"$(inherited)",
					"@executable_path/Frameworks",
					"@loader_path/Frameworks",
				);
				PRODUCT_BUNDLE_IDENTIFIER = xmg.log.AVTestUITests;
				PRODUCT_NAME = "$(TARGET_NAME)";
				TARGETED_DEVICE_FAMILY = "1,2";
				TEST_TARGET_NAME = AVTest;
			};
			name = Debug;
		};
		44E2336522EA9820007E03F8 /* Release */ = {
			isa = XCBuildConfiguration;
			buildSettings = {
				CODE_SIGN_STYLE = Automatic;
				INFOPLIST_FILE = AVTestUITests/Info.plist;
				LD_RUNPATH_SEARCH_PATHS = (
					"$(inherited)",
					"@executable_path/Frameworks",
					"@loader_path/Frameworks",
				);
				PRODUCT_BUNDLE_IDENTIFIER = xmg.log.AVTestUITests;
				PRODUCT_NAME = "$(TARGET_NAME)";
				TARGETED_DEVICE_FAMILY = "1,2";
				TEST_TARGET_NAME = AVTest;
			};
			name = Release;
		};
/* End XCBuildConfiguration section */

/* Begin XCConfigurationList section */
		44E2332C22EA981E007E03F8 /* Build configuration list for PBXProject "AVTest" */ = {
			isa = XCConfigurationList;
			buildConfigurations = (
				44E2335B22EA9820007E03F8 /* Debug */,
				44E2335C22EA9820007E03F8 /* Release */,
			);
			defaultConfigurationIsVisible = 0;
			defaultConfigurationName = Release;
		};
		44E2335D22EA9820007E03F8 /* Build configuration list for PBXNativeTarget "AVTest" */ = {
			isa = XCConfigurationList;
			buildConfigurations = (
				44E2335E22EA9820007E03F8 /* Debug */,
				44E2335F22EA9820007E03F8 /* Release */,
			);
			defaultConfigurationIsVisible = 0;
			defaultConfigurationName = Release;
		};
		44E2336022EA9820007E03F8 /* Build configuration list for PBXNativeTarget "AVTestTests" */ = {
			isa = XCConfigurationList;
			buildConfigurations = (
				44E2336122EA9820007E03F8 /* Debug */,
				44E2336222EA9820007E03F8 /* Release */,
			);
			defaultConfigurationIsVisible = 0;
			defaultConfigurationName = Release;
		};
		44E2336322EA9820007E03F8 /* Build configuration list for PBXNativeTarget "AVTestUITests" */ = {
			isa = XCConfigurationList;
			buildConfigurations = (
				44E2336422EA9820007E03F8 /* Debug */,
				44E2336522EA9820007E03F8 /* Release */,
			);
			defaultConfigurationIsVisible = 0;
			defaultConfigurationName = Release;
		};
/* End XCConfigurationList section */
	};
	rootObject = 44E2332922EA981E007E03F8 /* Project object */;
}
